// !$*UTF8*$!
{
	archiveVersion = 1;
	classes = {
	};
	objectVersion = 46;
	objects = {

/* Begin PBXBuildFile section */
		691034E211605F4900126261 /* JPAckSearchButton.m in Sources */ = {isa = PBXBuildFile; fileRef = 691034E111605F4900126261 /* JPAckSearchButton.m */; };
		691B26C7112A6065007E13BC /* AckMatePlugin.m in Sources */ = {isa = PBXBuildFile; fileRef = 691B26C6112A6065007E13BC /* AckMatePlugin.m */; };
		6935050411592F450084DE4C /* JPAckResult.m in Sources */ = {isa = PBXBuildFile; fileRef = 6935050311592F450084DE4C /* JPAckResult.m */; };
		69360CB1112CE3ED00DE19E1 /* JPAckTypesProcess.m in Sources */ = {isa = PBXBuildFile; fileRef = 69360CB0112CE3ED00DE19E1 /* JPAckTypesProcess.m */; };
		69830191115929B400DBA617 /* JPAckResultRep.m in Sources */ = {isa = PBXBuildFile; fileRef = 69830190115929B400DBA617 /* JPAckResultRep.m */; };
		69B8C4BE112A371A00EB45AF /* ackmate_ack.autogenerated in Resources */ = {isa = PBXBuildFile; fileRef = 69B8C4BD112A371A00EB45AF /* ackmate_ack.autogenerated */; };
		69B8C4E6112A383600EB45AF /* JPAckWindow.xib in Resources */ = {isa = PBXBuildFile; fileRef = 69B8C4E4112A383600EB45AF /* JPAckWindow.xib */; };
		69C43AF6112A35EE007AC1C1 /* NSImage-NoodleExtensions.m in Sources */ = {isa = PBXBuildFile; fileRef = 69C43AF1112A35EE007AC1C1 /* NSImage-NoodleExtensions.m */; };
		69C43AF7112A35EE007AC1C1 /* NSTableView+NoodleExtensions.m in Sources */ = {isa = PBXBuildFile; fileRef = 69C43AF3112A35EE007AC1C1 /* NSTableView+NoodleExtensions.m */; };
		69C43AF8112A35EE007AC1C1 /* SDFoundation.m in Sources */ = {isa = PBXBuildFile; fileRef = 69C43AF5112A35EE007AC1C1 /* SDFoundation.m */; };
		69C43AFF112A35F9007AC1C1 /* JPAckControlView.m in Sources */ = {isa = PBXBuildFile; fileRef = 69C43AFA112A35F9007AC1C1 /* JPAckControlView.m */; };
		69C43B00112A35F9007AC1C1 /* JPAckResultCell.m in Sources */ = {isa = PBXBuildFile; fileRef = 69C43AFC112A35F9007AC1C1 /* JPAckResultCell.m */; };
		69C43B01112A35F9007AC1C1 /* JPAckResultTableView.m in Sources */ = {isa = PBXBuildFile; fileRef = 69C43AFE112A35F9007AC1C1 /* JPAckResultTableView.m */; };
		69C43B0A112A361C007AC1C1 /* JPAckProcess.m in Sources */ = {isa = PBXBuildFile; fileRef = 69C43B03112A361C007AC1C1 /* JPAckProcess.m */; };
		69C43B0B112A361C007AC1C1 /* JPAckProcess+Parsing.m.rl in Sources */ = {isa = PBXBuildFile; fileRef = 69C43B05112A361C007AC1C1 /* JPAckProcess+Parsing.m.rl */; };
		69C43B0C112A361C007AC1C1 /* JPAckResultSource.m in Sources */ = {isa = PBXBuildFile; fileRef = 69C43B07112A361C007AC1C1 /* JPAckResultSource.m */; };
		69C43B0D112A361C007AC1C1 /* JPAckWindowController.m in Sources */ = {isa = PBXBuildFile; fileRef = 69C43B09112A361C007AC1C1 /* JPAckWindowController.m */; };
		69D7008D118115CA008A6125 /* ackmateCollapse.pdf in Resources */ = {isa = PBXBuildFile; fileRef = 69D7008B118115CA008A6125 /* ackmateCollapse.pdf */; };
		69D7008E118115CA008A6125 /* ackmateExpand.pdf in Resources */ = {isa = PBXBuildFile; fileRef = 69D7008C118115CA008A6125 /* ackmateExpand.pdf */; };
		8D5B49B0048680CD000E48DA /* InfoPlist.strings in Resources */ = {isa = PBXBuildFile; fileRef = 089C167DFE841241C02AAC07 /* InfoPlist.strings */; };
		8D5B49B4048680CD000E48DA /* Cocoa.framework in Frameworks */ = {isa = PBXBuildFile; fileRef = 1058C7ADFEA557BF11CA2CBB /* Cocoa.framework */; };
/* End PBXBuildFile section */

/* Begin PBXBuildRule section */
		69C49DC4112A36B100B1349C /* PBXBuildRule */ = {
			isa = PBXBuildRule;
			compilerSpec = com.apple.compilers.proxy.script;
			filePatterns = "*.autogenerated";
			fileType = pattern.proxy;
			isEditable = 1;
			outputFiles = (
				"${DERIVED_FILES_DIR}/${INPUT_FILE_BASE}",
			);
			script = "cp ${INPUT_FILE_DIR}/${INPUT_FILE_BASE}.autogenerated ${DERIVED_FILES_DIR}/${INPUT_FILE_BASE}\nchmod 555 ${DERIVED_FILES_DIR}/${INPUT_FILE_BASE}";
		};
		69C49DC5112A36B100B1349C /* PBXBuildRule */ = {
			isa = PBXBuildRule;
			compilerSpec = com.apple.compilers.proxy.script;
			filePatterns = "*.rl";
			fileType = pattern.proxy;
			isEditable = 1;
			outputFiles = (
				"$(DERIVED_FILES_DIR)/$(INPUT_FILE_BASE)",
			);
			script = "/usr/bin/env ragel ${INPUT_FILE_DIR}/${INPUT_FILE_BASE}.rl -o ${DERIVED_FILES_DIR}/${INPUT_FILE_BASE}";
		};
/* End PBXBuildRule section */

/* Begin PBXFileReference section */
		089C1672FE841209C02AAC07 /* Foundation.framework */ = {isa = PBXFileReference; lastKnownFileType = wrapper.framework; name = Foundation.framework; path = /System/Library/Frameworks/Foundation.framework; sourceTree = "<absolute>"; };
		089C167EFE841241C02AAC07 /* English */ = {isa = PBXFileReference; fileEncoding = 10; lastKnownFileType = text.plist.strings; name = English; path = English.lproj/InfoPlist.strings; sourceTree = "<group>"; };
		089C167FFE841241C02AAC07 /* AppKit.framework */ = {isa = PBXFileReference; lastKnownFileType = wrapper.framework; name = AppKit.framework; path = /System/Library/Frameworks/AppKit.framework; sourceTree = "<absolute>"; };
		1058C7ADFEA557BF11CA2CBB /* Cocoa.framework */ = {isa = PBXFileReference; lastKnownFileType = wrapper.framework; name = Cocoa.framework; path = /System/Library/Frameworks/Cocoa.framework; sourceTree = "<absolute>"; };
		32DBCF630370AF2F00C91783 /* AckMate_Prefix.pch */ = {isa = PBXFileReference; fileEncoding = 4; lastKnownFileType = sourcecode.c.h; path = AckMate_Prefix.pch; sourceTree = "<group>"; };
		691034E011605F4900126261 /* JPAckSearchButton.h */ = {isa = PBXFileReference; fileEncoding = 4; lastKnownFileType = sourcecode.c.h; path = JPAckSearchButton.h; sourceTree = "<group>"; };
		691034E111605F4900126261 /* JPAckSearchButton.m */ = {isa = PBXFileReference; fileEncoding = 4; lastKnownFileType = sourcecode.c.objc; path = JPAckSearchButton.m; sourceTree = "<group>"; };
		691B26C5112A6065007E13BC /* AckMatePlugin.h */ = {isa = PBXFileReference; fileEncoding = 4; lastKnownFileType = sourcecode.c.h; path = AckMatePlugin.h; sourceTree = "<group>"; };
		691B26C6112A6065007E13BC /* AckMatePlugin.m */ = {isa = PBXFileReference; fileEncoding = 4; lastKnownFileType = sourcecode.c.objc; path = AckMatePlugin.m; sourceTree = "<group>"; };
		6935050211592F450084DE4C /* JPAckResult.h */ = {isa = PBXFileReference; fileEncoding = 4; lastKnownFileType = sourcecode.c.h; path = JPAckResult.h; sourceTree = "<group>"; };
		6935050311592F450084DE4C /* JPAckResult.m */ = {isa = PBXFileReference; fileEncoding = 4; lastKnownFileType = sourcecode.c.objc; path = JPAckResult.m; sourceTree = "<group>"; };
		69360CAF112CE3ED00DE19E1 /* JPAckTypesProcess.h */ = {isa = PBXFileReference; fileEncoding = 4; lastKnownFileType = sourcecode.c.h; path = JPAckTypesProcess.h; sourceTree = "<group>"; };
		69360CB0112CE3ED00DE19E1 /* JPAckTypesProcess.m */ = {isa = PBXFileReference; fileEncoding = 4; lastKnownFileType = sourcecode.c.objc; path = JPAckTypesProcess.m; sourceTree = "<group>"; };
		6983018F115929B400DBA617 /* JPAckResultRep.h */ = {isa = PBXFileReference; fileEncoding = 4; lastKnownFileType = sourcecode.c.h; path = JPAckResultRep.h; sourceTree = "<group>"; };
		69830190115929B400DBA617 /* JPAckResultRep.m */ = {isa = PBXFileReference; fileEncoding = 4; lastKnownFileType = sourcecode.c.objc; path = JPAckResultRep.m; sourceTree = "<group>"; };
		69B8C4BD112A371A00EB45AF /* ackmate_ack.autogenerated */ = {isa = PBXFileReference; fileEncoding = 4; lastKnownFileType = text; path = ackmate_ack.autogenerated; sourceTree = "<group>"; };
		69B8C4E5112A383600EB45AF /* English */ = {isa = PBXFileReference; lastKnownFileType = file.xib; name = English; path = English.lproj/JPAckWindow.xib; sourceTree = SOURCE_ROOT; };
		69C43AF0112A35EE007AC1C1 /* NSImage-NoodleExtensions.h */ = {isa = PBXFileReference; fileEncoding = 4; lastKnownFileType = sourcecode.c.h; path = "NSImage-NoodleExtensions.h"; sourceTree = "<group>"; };
		69C43AF1112A35EE007AC1C1 /* NSImage-NoodleExtensions.m */ = {isa = PBXFileReference; fileEncoding = 4; lastKnownFileType = sourcecode.c.objc; path = "NSImage-NoodleExtensions.m"; sourceTree = "<group>"; };
		69C43AF2112A35EE007AC1C1 /* NSTableView+NoodleExtensions.h */ = {isa = PBXFileReference; fileEncoding = 4; lastKnownFileType = sourcecode.c.h; path = "NSTableView+NoodleExtensions.h"; sourceTree = "<group>"; };
		69C43AF3112A35EE007AC1C1 /* NSTableView+NoodleExtensions.m */ = {isa = PBXFileReference; fileEncoding = 4; lastKnownFileType = sourcecode.c.objc; path = "NSTableView+NoodleExtensions.m"; sourceTree = "<group>"; };
		69C43AF4112A35EE007AC1C1 /* SDFoundation.h */ = {isa = PBXFileReference; fileEncoding = 4; lastKnownFileType = sourcecode.c.h; path = SDFoundation.h; sourceTree = "<group>"; };
		69C43AF5112A35EE007AC1C1 /* SDFoundation.m */ = {isa = PBXFileReference; fileEncoding = 4; lastKnownFileType = sourcecode.c.objc; path = SDFoundation.m; sourceTree = "<group>"; };
		69C43AF9112A35F9007AC1C1 /* JPAckControlView.h */ = {isa = PBXFileReference; fileEncoding = 4; lastKnownFileType = sourcecode.c.h; path = JPAckControlView.h; sourceTree = "<group>"; };
		69C43AFA112A35F9007AC1C1 /* JPAckControlView.m */ = {isa = PBXFileReference; fileEncoding = 4; lastKnownFileType = sourcecode.c.objc; path = JPAckControlView.m; sourceTree = "<group>"; };
		69C43AFB112A35F9007AC1C1 /* JPAckResultCell.h */ = {isa = PBXFileReference; fileEncoding = 4; lastKnownFileType = sourcecode.c.h; path = JPAckResultCell.h; sourceTree = "<group>"; };
		69C43AFC112A35F9007AC1C1 /* JPAckResultCell.m */ = {isa = PBXFileReference; fileEncoding = 4; lastKnownFileType = sourcecode.c.objc; path = JPAckResultCell.m; sourceTree = "<group>"; };
		69C43AFD112A35F9007AC1C1 /* JPAckResultTableView.h */ = {isa = PBXFileReference; fileEncoding = 4; lastKnownFileType = sourcecode.c.h; path = JPAckResultTableView.h; sourceTree = "<group>"; };
		69C43AFE112A35F9007AC1C1 /* JPAckResultTableView.m */ = {isa = PBXFileReference; fileEncoding = 4; lastKnownFileType = sourcecode.c.objc; path = JPAckResultTableView.m; sourceTree = "<group>"; };
		69C43B02112A361C007AC1C1 /* JPAckProcess.h */ = {isa = PBXFileReference; fileEncoding = 4; lastKnownFileType = sourcecode.c.h; path = JPAckProcess.h; sourceTree = "<group>"; };
		69C43B03112A361C007AC1C1 /* JPAckProcess.m */ = {isa = PBXFileReference; fileEncoding = 4; lastKnownFileType = sourcecode.c.objc; path = JPAckProcess.m; sourceTree = "<group>"; };
		69C43B04112A361C007AC1C1 /* JPAckProcess+Parsing.h */ = {isa = PBXFileReference; fileEncoding = 4; lastKnownFileType = sourcecode.c.h; path = "JPAckProcess+Parsing.h"; sourceTree = "<group>"; };
		69C43B05112A361C007AC1C1 /* JPAckProcess+Parsing.m.rl */ = {isa = PBXFileReference; fileEncoding = 4; lastKnownFileType = text; path = "JPAckProcess+Parsing.m.rl"; sourceTree = "<group>"; };
		69C43B06112A361C007AC1C1 /* JPAckResultSource.h */ = {isa = PBXFileReference; fileEncoding = 4; lastKnownFileType = sourcecode.c.h; path = JPAckResultSource.h; sourceTree = "<group>"; };
		69C43B07112A361C007AC1C1 /* JPAckResultSource.m */ = {isa = PBXFileReference; fileEncoding = 4; lastKnownFileType = sourcecode.c.objc; path = JPAckResultSource.m; sourceTree = "<group>"; };
		69C43B08112A361C007AC1C1 /* JPAckWindowController.h */ = {isa = PBXFileReference; fileEncoding = 4; lastKnownFileType = sourcecode.c.h; path = JPAckWindowController.h; sourceTree = "<group>"; };
		69C43B09112A361C007AC1C1 /* JPAckWindowController.m */ = {isa = PBXFileReference; fileEncoding = 4; lastKnownFileType = sourcecode.c.objc; path = JPAckWindowController.m; sourceTree = "<group>"; };
		69D7008B118115CA008A6125 /* ackmateCollapse.pdf */ = {isa = PBXFileReference; lastKnownFileType = image.pdf; path = ackmateCollapse.pdf; sourceTree = "<group>"; };
		69D7008C118115CA008A6125 /* ackmateExpand.pdf */ = {isa = PBXFileReference; lastKnownFileType = image.pdf; path = ackmateExpand.pdf; sourceTree = "<group>"; };
		8D5B49B6048680CD000E48DA /* AckMate.tmplugin */ = {isa = PBXFileReference; explicitFileType = wrapper.cfbundle; includeInIndex = 0; path = AckMate.tmplugin; sourceTree = BUILT_PRODUCTS_DIR; };
		8D5B49B7048680CD000E48DA /* Info.plist */ = {isa = PBXFileReference; fileEncoding = 4; lastKnownFileType = text.plist.xml; path = Info.plist; sourceTree = "<group>"; };
		D2F7E65807B2D6F200F64583 /* CoreData.framework */ = {isa = PBXFileReference; lastKnownFileType = wrapper.framework; name = CoreData.framework; path = /System/Library/Frameworks/CoreData.framework; sourceTree = "<absolute>"; };
/* End PBXFileReference section */

/* Begin PBXFrameworksBuildPhase section */
		8D5B49B3048680CD000E48DA /* Frameworks */ = {
			isa = PBXFrameworksBuildPhase;
			buildActionMask = 2147483647;
			files = (
				8D5B49B4048680CD000E48DA /* Cocoa.framework in Frameworks */,
			);
			runOnlyForDeploymentPostprocessing = 0;
		};
/* End PBXFrameworksBuildPhase section */

/* Begin PBXGroup section */
		089C166AFE841209C02AAC07 /* AckMate */ = {
			isa = PBXGroup;
			children = (
				08FB77AFFE84173DC02AAC07 /* Classes */,
				32C88E010371C26100C91783 /* Other Sources */,
				089C167CFE841241C02AAC07 /* Resources */,
				089C1671FE841209C02AAC07 /* Frameworks and Libraries */,
				19C28FB8FE9D52D311CA2CBB /* Products */,
			);
			name = AckMate;
			sourceTree = "<group>";
		};
		089C1671FE841209C02AAC07 /* Frameworks and Libraries */ = {
			isa = PBXGroup;
			children = (
				1058C7ACFEA557BF11CA2CBB /* Linked Frameworks */,
				1058C7AEFEA557BF11CA2CBB /* Other Frameworks */,
			);
			name = "Frameworks and Libraries";
			sourceTree = "<group>";
		};
		089C167CFE841241C02AAC07 /* Resources */ = {
			isa = PBXGroup;
			children = (
				69B8C4E4112A383600EB45AF /* JPAckWindow.xib */,
				69B8C4BC112A370200EB45AF /* bundle_extras */,
				8D5B49B7048680CD000E48DA /* Info.plist */,
				089C167DFE841241C02AAC07 /* InfoPlist.strings */,
			);
			name = Resources;
			sourceTree = "<group>";
		};
		08FB77AFFE84173DC02AAC07 /* Classes */ = {
			isa = PBXGroup;
			children = (
				69C43AE9112A3592007AC1C1 /* controllers */,
				69C43AE8112A3587007AC1C1 /* models */,
				69C43AEA112A359A007AC1C1 /* views */,
				69C43AEC112A35CA007AC1C1 /* external */,
			);
			name = Classes;
			sourceTree = "<group>";
		};
		1058C7ACFEA557BF11CA2CBB /* Linked Frameworks */ = {
			isa = PBXGroup;
			children = (
				1058C7ADFEA557BF11CA2CBB /* Cocoa.framework */,
			);
			name = "Linked Frameworks";
			sourceTree = "<group>";
		};
		1058C7AEFEA557BF11CA2CBB /* Other Frameworks */ = {
			isa = PBXGroup;
			children = (
				089C167FFE841241C02AAC07 /* AppKit.framework */,
				D2F7E65807B2D6F200F64583 /* CoreData.framework */,
				089C1672FE841209C02AAC07 /* Foundation.framework */,
			);
			name = "Other Frameworks";
			sourceTree = "<group>";
		};
		19C28FB8FE9D52D311CA2CBB /* Products */ = {
			isa = PBXGroup;
			children = (
				8D5B49B6048680CD000E48DA /* AckMate.tmplugin */,
			);
			name = Products;
			sourceTree = "<group>";
		};
		32C88E010371C26100C91783 /* Other Sources */ = {
			isa = PBXGroup;
			children = (
				32DBCF630370AF2F00C91783 /* AckMate_Prefix.pch */,
			);
			name = "Other Sources";
			sourceTree = "<group>";
		};
		69B8C4BC112A370200EB45AF /* bundle_extras */ = {
			isa = PBXGroup;
			children = (
				69D7008B118115CA008A6125 /* ackmateCollapse.pdf */,
				69D7008C118115CA008A6125 /* ackmateExpand.pdf */,
				69B8C4BD112A371A00EB45AF /* ackmate_ack.autogenerated */,
			);
			path = bundle_extras;
			sourceTree = "<group>";
		};
		69C43AE8112A3587007AC1C1 /* models */ = {
			isa = PBXGroup;
			children = (
				6983018F115929B400DBA617 /* JPAckResultRep.h */,
				69830190115929B400DBA617 /* JPAckResultRep.m */,
				6935050211592F450084DE4C /* JPAckResult.h */,
				6935050311592F450084DE4C /* JPAckResult.m */,
			);
			name = models;
			path = source/models;
			sourceTree = "<group>";
		};
		69C43AE9112A3592007AC1C1 /* controllers */ = {
			isa = PBXGroup;
			children = (
				691B26C5112A6065007E13BC /* AckMatePlugin.h */,
				691B26C6112A6065007E13BC /* AckMatePlugin.m */,
				69C43B02112A361C007AC1C1 /* JPAckProcess.h */,
				69C43B03112A361C007AC1C1 /* JPAckProcess.m */,
				69C43B04112A361C007AC1C1 /* JPAckProcess+Parsing.h */,
				69C43B05112A361C007AC1C1 /* JPAckProcess+Parsing.m.rl */,
				69C43B06112A361C007AC1C1 /* JPAckResultSource.h */,
				69C43B07112A361C007AC1C1 /* JPAckResultSource.m */,
				69C43B08112A361C007AC1C1 /* JPAckWindowController.h */,
				69C43B09112A361C007AC1C1 /* JPAckWindowController.m */,
				69360CAF112CE3ED00DE19E1 /* JPAckTypesProcess.h */,
				69360CB0112CE3ED00DE19E1 /* JPAckTypesProcess.m */,
			);
			name = controllers;
			path = source/controllers;
			sourceTree = "<group>";
		};
		69C43AEA112A359A007AC1C1 /* views */ = {
			isa = PBXGroup;
			children = (
				69C43AF9112A35F9007AC1C1 /* JPAckControlView.h */,
				69C43AFA112A35F9007AC1C1 /* JPAckControlView.m */,
				69C43AFB112A35F9007AC1C1 /* JPAckResultCell.h */,
				69C43AFC112A35F9007AC1C1 /* JPAckResultCell.m */,
				69C43AFD112A35F9007AC1C1 /* JPAckResultTableView.h */,
				69C43AFE112A35F9007AC1C1 /* JPAckResultTableView.m */,
				691034E011605F4900126261 /* JPAckSearchButton.h */,
				691034E111605F4900126261 /* JPAckSearchButton.m */,
			);
			name = views;
			path = source/views;
			sourceTree = "<group>";
		};
		69C43AEC112A35CA007AC1C1 /* external */ = {
			isa = PBXGroup;
			children = (
				69C43AF0112A35EE007AC1C1 /* NSImage-NoodleExtensions.h */,
				69C43AF1112A35EE007AC1C1 /* NSImage-NoodleExtensions.m */,
				69C43AF2112A35EE007AC1C1 /* NSTableView+NoodleExtensions.h */,
				69C43AF3112A35EE007AC1C1 /* NSTableView+NoodleExtensions.m */,
				69C43AF4112A35EE007AC1C1 /* SDFoundation.h */,
				69C43AF5112A35EE007AC1C1 /* SDFoundation.m */,
			);
			name = external;
			path = source/external;
			sourceTree = "<group>";
		};
/* End PBXGroup section */

/* Begin PBXNativeTarget section */
		8D5B49AC048680CD000E48DA /* AckMate */ = {
			isa = PBXNativeTarget;
			buildConfigurationList = 1DEB913A08733D840010E9CD /* Build configuration list for PBXNativeTarget "AckMate" */;
			buildPhases = (
				8D5B49AF048680CD000E48DA /* Resources */,
				8D5B49B1048680CD000E48DA /* Sources */,
				8D5B49B3048680CD000E48DA /* Frameworks */,
				177E4DB50913322B0064163D /* ShellScript */,
			);
			buildRules = (
				69C49DC4112A36B100B1349C /* PBXBuildRule */,
				69C49DC5112A36B100B1349C /* PBXBuildRule */,
			);
			dependencies = (
			);
			name = AckMate;
			productInstallPath = "$(HOME)/Library/Bundles";
			productName = AckMate;
			productReference = 8D5B49B6048680CD000E48DA /* AckMate.tmplugin */;
			productType = "com.apple.product-type.bundle";
		};
/* End PBXNativeTarget section */

/* Begin PBXProject section */
		089C1669FE841209C02AAC07 /* Project object */ = {
			isa = PBXProject;
			attributes = {
				ORGANIZATIONNAME = "Jetpack Pony";
			};
			buildConfigurationList = 1DEB913E08733D840010E9CD /* Build configuration list for PBXProject "AckMate" */;
			compatibilityVersion = "Xcode 3.2";
			hasScannedForEncodings = 1;
			mainGroup = 089C166AFE841209C02AAC07 /* AckMate */;
			projectDirPath = "";
			projectRoot = "";
			targets = (
				8D5B49AC048680CD000E48DA /* AckMate */,
			);
		};
/* End PBXProject section */

/* Begin PBXResourcesBuildPhase section */
		8D5B49AF048680CD000E48DA /* Resources */ = {
			isa = PBXResourcesBuildPhase;
			buildActionMask = 2147483647;
			files = (
				8D5B49B0048680CD000E48DA /* InfoPlist.strings in Resources */,
				69B8C4BE112A371A00EB45AF /* ackmate_ack.autogenerated in Resources */,
				69B8C4E6112A383600EB45AF /* JPAckWindow.xib in Resources */,
				69D7008D118115CA008A6125 /* ackmateCollapse.pdf in Resources */,
				69D7008E118115CA008A6125 /* ackmateExpand.pdf in Resources */,
			);
			runOnlyForDeploymentPostprocessing = 0;
		};
/* End PBXResourcesBuildPhase section */

/* Begin PBXShellScriptBuildPhase section */
		177E4DB50913322B0064163D /* ShellScript */ = {
			isa = PBXShellScriptBuildPhase;
			buildActionMask = 2147483647;
			files = (
			);
			inputPaths = (
			);
			outputPaths = (
			);
			runOnlyForDeploymentPostprocessing = 0;
			shellPath = /bin/sh;
			shellScript = "mkdir -p \"$HOME/Library/Application Support/TextMate/PlugIns\"\ncp -pR \"${TARGET_BUILD_DIR}/${FULL_PRODUCT_NAME}\" \"$HOME/Library/Application Support/TextMate/PlugIns\"";
		};
/* End PBXShellScriptBuildPhase section */

/* Begin PBXSourcesBuildPhase section */
		8D5B49B1048680CD000E48DA /* Sources */ = {
			isa = PBXSourcesBuildPhase;
			buildActionMask = 2147483647;
			files = (
				69C43B0B112A361C007AC1C1 /* JPAckProcess+Parsing.m.rl in Sources */,
				69C43AF6112A35EE007AC1C1 /* NSImage-NoodleExtensions.m in Sources */,
				69C43AF7112A35EE007AC1C1 /* NSTableView+NoodleExtensions.m in Sources */,
				69C43AF8112A35EE007AC1C1 /* SDFoundation.m in Sources */,
				69C43AFF112A35F9007AC1C1 /* JPAckControlView.m in Sources */,
				69C43B00112A35F9007AC1C1 /* JPAckResultCell.m in Sources */,
				69C43B01112A35F9007AC1C1 /* JPAckResultTableView.m in Sources */,
				69C43B0A112A361C007AC1C1 /* JPAckProcess.m in Sources */,
				69C43B0C112A361C007AC1C1 /* JPAckResultSource.m in Sources */,
				69C43B0D112A361C007AC1C1 /* JPAckWindowController.m in Sources */,
				691B26C7112A6065007E13BC /* AckMatePlugin.m in Sources */,
				69360CB1112CE3ED00DE19E1 /* JPAckTypesProcess.m in Sources */,
				69830191115929B400DBA617 /* JPAckResultRep.m in Sources */,
				6935050411592F450084DE4C /* JPAckResult.m in Sources */,
				691034E211605F4900126261 /* JPAckSearchButton.m in Sources */,
			);
			runOnlyForDeploymentPostprocessing = 0;
		};
/* End PBXSourcesBuildPhase section */

/* Begin PBXVariantGroup section */
		089C167DFE841241C02AAC07 /* InfoPlist.strings */ = {
			isa = PBXVariantGroup;
			children = (
				089C167EFE841241C02AAC07 /* English */,
			);
			name = InfoPlist.strings;
			sourceTree = "<group>";
		};
		69B8C4E4112A383600EB45AF /* JPAckWindow.xib */ = {
			isa = PBXVariantGroup;
			children = (
				69B8C4E5112A383600EB45AF /* English */,
			);
			name = JPAckWindow.xib;
			sourceTree = "<group>";
		};
/* End PBXVariantGroup section */

/* Begin XCBuildConfiguration section */
		1DEB913B08733D840010E9CD /* Debug */ = {
			isa = XCBuildConfiguration;
			buildSettings = {
				COPY_PHASE_STRIP = NO;
				GCC_DYNAMIC_NO_PIC = NO;
				GCC_ENABLE_FIX_AND_CONTINUE = YES;
				GCC_MODEL_TUNING = G5;
				GCC_OPTIMIZATION_LEVEL = 0;
				GCC_PRECOMPILE_PREFIX_HEADER = YES;
				GCC_PREFIX_HEADER = AckMate_Prefix.pch;
				INFOPLIST_FILE = Info.plist;
				INSTALL_PATH = "$(HOME)/Library/Bundles";
				PRODUCT_NAME = AckMate;
				WRAPPER_EXTENSION = tmplugin;
				ZERO_LINK = YES;
			};
			name = Debug;
		};
		1DEB913C08733D840010E9CD /* Release */ = {
			isa = XCBuildConfiguration;
			buildSettings = {
				ARCHS = (
					ppc,
					i386,
				);
				GCC_GENERATE_DEBUGGING_SYMBOLS = NO;
				GCC_MODEL_TUNING = G5;
				GCC_PRECOMPILE_PREFIX_HEADER = YES;
				GCC_PREFIX_HEADER = AckMate_Prefix.pch;
				INFOPLIST_FILE = Info.plist;
				INSTALL_PATH = "$(HOME)/Library/Bundles";
				PRODUCT_NAME = AckMate;
				WRAPPER_EXTENSION = tmplugin;
			};
			name = Release;
		};
		1DEB913F08733D840010E9CD /* Debug */ = {
			isa = XCBuildConfiguration;
			buildSettings = {
				GCC_WARN_ABOUT_RETURN_TYPE = YES;
				GCC_WARN_UNUSED_VARIABLE = YES;
				PREBINDING = NO;
				SDKROOT = macosx10.5;
			};
			name = Debug;
		};
		1DEB914008733D840010E9CD /* Release */ = {
			isa = XCBuildConfiguration;
			buildSettings = {
				GCC_WARN_ABOUT_RETURN_TYPE = YES;
				GCC_WARN_UNUSED_VARIABLE = YES;
				PREBINDING = NO;
				SDKROOT = macosx10.5;
			};
			name = Release;
		};
/* End XCBuildConfiguration section */

/* Begin XCConfigurationList section */
		1DEB913A08733D840010E9CD /* Build configuration list for PBXNativeTarget "AckMate" */ = {
			isa = XCConfigurationList;
			buildConfigurations = (
				1DEB913B08733D840010E9CD /* Debug */,
				1DEB913C08733D840010E9CD /* Release */,
			);
			defaultConfigurationIsVisible = 0;
			defaultConfigurationName = Release;
		};
		1DEB913E08733D840010E9CD /* Build configuration list for PBXProject "AckMate" */ = {
			isa = XCConfigurationList;
			buildConfigurations = (
				1DEB913F08733D840010E9CD /* Debug */,
				1DEB914008733D840010E9CD /* Release */,
			);
			defaultConfigurationIsVisible = 0;
			defaultConfigurationName = Release;
		};
/* End XCConfigurationList section */
	};
	rootObject = 089C1669FE841209C02AAC07 /* Project object */;
}
